{
  "name": "kintone-expert-bss",
  "version": "1.0.1",
  "lockfileVersion": 3,
  "requires": true,
  "packages": {
    "": {
      "name": "kintone-expert-bss",
      "version": "1.0.1",
      "bin": {
        "ke": "dist/ke-installer.mjs",
        "kintone-expert-bss": "dist/ke-installer.mjs"
      },
      "engines": {
        "node": ">=22"
      }
    }
  }
}
