{
  "name": "ke-office-cli",
  "version": "1.0.0",
  "lockfileVersion": 3,
  "requires": true,
  "packages": {
    "": {
      "name": "ke-office-cli",
      "version": "1.0.0",
      "dependencies": {
        "@officecli/officecli": "1.0.143"
      },
      "engines": {
        "node": ">=22"
      }
    },
    "node_modules/@officecli/officecli": {
      "version": "1.0.143",
      "resolved": "https://registry.npmjs.org/@officecli/officecli/-/officecli-1.0.143.tgz",
      "integrity": "sha512-6fNynmrNso9wiRf2mIs6magdFHKQbsQC6u5qsZtwWwgZrc/kNr5++Wajp220sBnFPPuRiuKx1xy8LW+I2MZEbw==",
      "cpu": [
        "x64",
        "arm64"
      ],
      "hasInstallScript": true,
      "license": "Apache-2.0",
      "os": [
        "darwin",
        "linux",
        "win32"
      ],
      "bin": {
        "officecli": "officecli.js"
      },
      "engines": {
        "node": ">=14"
      }
    }
  }
}
